
Microsoft Visual Studio Solution File, Format Version 12.00
# Visual Studio 15
VisualStudioVersion = 15.0.28010.2036
MinimumVisualStudioVersion = 10.0.40219.1
Project("{FAE04EC0-301F-11D3-BF4B-00C04F79EFBC}") = "SewerSelect", "SewerSelect\SewerSelect.csproj", "{950B1196-D88E-4760-B5DA-B3CF7C44ACC3}"
EndProject
Global
	GlobalSection(SolutionConfigurationPlatforms) = preSolution
		Debug|Any CPU = Debug|Any CPU
		Release|Any CPU = Release|Any CPU
	EndGlobalSection
	GlobalSection(ProjectConfigurationPlatforms) = postSolution
		{950B1196-D88E-4760-B5DA-B3CF7C44ACC3}.Debug|Any CPU.ActiveCfg = Debug|Any CPU
		{950B1196-D88E-4760-B5DA-B3CF7C44ACC3}.Debug|Any CPU.Build.0 = Debug|Any CPU
		{950B1196-D88E-4760-B5DA-B3CF7C44ACC3}.Release|Any CPU.ActiveCfg = Release|Any CPU
		{950B1196-D88E-4760-B5DA-B3CF7C44ACC3}.Release|Any CPU.Build.0 = Release|Any CPU
	EndGlobalSection
	GlobalSection(SolutionProperties) = preSolution
		HideSolutionNode = FALSE
	EndGlobalSection
	GlobalSection(ExtensibilityGlobals) = postSolution
		SolutionGuid = {085F7D46-F8DD-41F7-9E58-5ADEF62226C6}
	EndGlobalSection
EndGlobal
